// !$*UTF8*$!
{
	archiveVersion = 1;
	classes = {
	};
	objectVersion = 55;
	objects = {

/* Begin PBXBuildFile section */
		3B21E063286CABE300FE1C95 /* AppDelegate.swift in Sources */ = {isa = PBXBuildFile; fileRef = 3B21E062286CABE300FE1C95 /* AppDelegate.swift */; };
		3B21E065286CABE300FE1C95 /* SceneDelegate.swift in Sources */ = {isa = PBXBuildFile; fileRef = 3B21E064286CABE300FE1C95 /* SceneDelegate.swift */; };
		3B21E067286CABE300FE1C95 /* BannerViewController.swift in Sources */ = {isa = PBXBuildFile; fileRef = 3B21E066286CABE300FE1C95 /* BannerViewController.swift */; };
		3B21E06A286CABE300FE1C95 /* Main.storyboard in Resources */ = {isa = PBXBuildFile; fileRef = 3B21E068286CABE300FE1C95 /* Main.storyboard */; };
		3B21E06C286CABE400FE1C95 /* Assets.xcassets in Resources */ = {isa = PBXBuildFile; fileRef = 3B21E06B286CABE400FE1C95 /* Assets.xcassets */; };
		3B21E06F286CABE400FE1C95 /* LaunchScreen.storyboard in Resources */ = {isa = PBXBuildFile; fileRef = 3B21E06D286CABE400FE1C95 /* LaunchScreen.storyboard */; };
		3B23EE49287464BA007A475D /* RewardedViewController.swift in Sources */ = {isa = PBXBuildFile; fileRef = 3B23EE48287464BA007A475D /* RewardedViewController.swift */; };
		3B23EE4B287475CC007A475D /* LogStore.swift in Sources */ = {isa = PBXBuildFile; fileRef = 3B23EE4A287475CC007A475D /* LogStore.swift */; };
		3B23EE4D28757C7F007A475D /* NativeViewController.swift in Sources */ = {isa = PBXBuildFile; fileRef = 3B23EE4C28757C7F007A475D /* NativeViewController.swift */; };
		3B895316287095C6003508E1 /* LogView.swift in Sources */ = {isa = PBXBuildFile; fileRef = 3B895315287095C6003508E1 /* LogView.swift */; };
		3BF586DB286F35D200F27C6C /* InterstitialViewController.swift in Sources */ = {isa = PBXBuildFile; fileRef = 3BF586DA286F35D200F27C6C /* InterstitialViewController.swift */; };
		7E9FECB29A1F16C9D856567C /* libPods-YandexMobileSDK.a in Frameworks */ = {isa = PBXBuildFile; fileRef = 938D9CC34AFDB379479BE540 /* libPods-YandexMobileSDK.a */; };
/* End PBXBuildFile section */

/* Begin PBXFileReference section */
		1C4AC06611945AC13861F40B /* Pods-YandexMobileSDK.debug.xcconfig */ = {isa = PBXFileReference; includeInIndex = 1; lastKnownFileType = text.xcconfig; name = "Pods-YandexMobileSDK.debug.xcconfig"; path = "Target Support Files/Pods-YandexMobileSDK/Pods-YandexMobileSDK.debug.xcconfig"; sourceTree = "<group>"; };
		3B21E05F286CABE300FE1C95 /* YandexMobileSDK.app */ = {isa = PBXFileReference; explicitFileType = wrapper.application; includeInIndex = 0; path = YandexMobileSDK.app; sourceTree = BUILT_PRODUCTS_DIR; };
		3B21E062286CABE300FE1C95 /* AppDelegate.swift */ = {isa = PBXFileReference; lastKnownFileType = sourcecode.swift; path = AppDelegate.swift; sourceTree = "<group>"; };
		3B21E064286CABE300FE1C95 /* SceneDelegate.swift */ = {isa = PBXFileReference; lastKnownFileType = sourcecode.swift; path = SceneDelegate.swift; sourceTree = "<group>"; };
		3B21E066286CABE300FE1C95 /* BannerViewController.swift */ = {isa = PBXFileReference; lastKnownFileType = sourcecode.swift; path = BannerViewController.swift; sourceTree = "<group>"; };
		3B21E069286CABE300FE1C95 /* Base */ = {isa = PBXFileReference; lastKnownFileType = file.storyboard; name = Base; path = Base.lproj/Main.storyboard; sourceTree = "<group>"; };
		3B21E06B286CABE400FE1C95 /* Assets.xcassets */ = {isa = PBXFileReference; lastKnownFileType = folder.assetcatalog; path = Assets.xcassets; sourceTree = "<group>"; };
		3B21E06E286CABE400FE1C95 /* Base */ = {isa = PBXFileReference; lastKnownFileType = file.storyboard; name = Base; path = Base.lproj/LaunchScreen.storyboard; sourceTree = "<group>"; };
		3B21E070286CABE400FE1C95 /* Info.plist */ = {isa = PBXFileReference; lastKnownFileType = text.plist.xml; path = Info.plist; sourceTree = "<group>"; };
		3B23EE48287464BA007A475D /* RewardedViewController.swift */ = {isa = PBXFileReference; lastKnownFileType = sourcecode.swift; path = RewardedViewController.swift; sourceTree = "<group>"; };
		3B23EE4A287475CC007A475D /* LogStore.swift */ = {isa = PBXFileReference; lastKnownFileType = sourcecode.swift; path = LogStore.swift; sourceTree = "<group>"; };
		3B23EE4C28757C7F007A475D /* NativeViewController.swift */ = {isa = PBXFileReference; lastKnownFileType = sourcecode.swift; path = NativeViewController.swift; sourceTree = "<group>"; };
		3B895315287095C6003508E1 /* LogView.swift */ = {isa = PBXFileReference; fileEncoding = 4; lastKnownFileType = sourcecode.swift; path = LogView.swift; sourceTree = "<group>"; };
		3BF586DA286F35D200F27C6C /* InterstitialViewController.swift */ = {isa = PBXFileReference; lastKnownFileType = sourcecode.swift; path = InterstitialViewController.swift; sourceTree = "<group>"; };
		938D9CC34AFDB379479BE540 /* libPods-YandexMobileSDK.a */ = {isa = PBXFileReference; explicitFileType = archive.ar; includeInIndex = 0; path = "libPods-YandexMobileSDK.a"; sourceTree = BUILT_PRODUCTS_DIR; };
		BBEF81CB489D632E0F066950 /* Pods-YandexMobileSDK.release.xcconfig */ = {isa = PBXFileReference; includeInIndex = 1; lastKnownFileType = text.xcconfig; name = "Pods-YandexMobileSDK.release.xcconfig"; path = "Target Support Files/Pods-YandexMobileSDK/Pods-YandexMobileSDK.release.xcconfig"; sourceTree = "<group>"; };
/* End PBXFileReference section */

/* Begin PBXFrameworksBuildPhase section */
		3B21E05C286CABE300FE1C95 /* Frameworks */ = {
			isa = PBXFrameworksBuildPhase;
			buildActionMask = 2147483647;
			files = (
				7E9FECB29A1F16C9D856567C /* libPods-YandexMobileSDK.a in Frameworks */,
			);
			runOnlyForDeploymentPostprocessing = 0;
		};
/* End PBXFrameworksBuildPhase section */

/* Begin PBXGroup section */
		3B21E056286CABE300FE1C95 = {
			isa = PBXGroup;
			children = (
				3B21E061286CABE300FE1C95 /* YandexMobileSDK */,
				3B21E060286CABE300FE1C95 /* Products */,
				4B496C319F57D70D6E502CE3 /* Pods */,
				98603C7221ED4AD404C3BEA9 /* Frameworks */,
			);
			sourceTree = "<group>";
		};
		3B21E060286CABE300FE1C95 /* Products */ = {
			isa = PBXGroup;
			children = (
				3B21E05F286CABE300FE1C95 /* YandexMobileSDK.app */,
			);
			name = Products;
			sourceTree = "<group>";
		};
		3B21E061286CABE300FE1C95 /* YandexMobileSDK */ = {
			isa = PBXGroup;
			children = (
				3B23EE4E28758365007A475D /* Console */,
				3BF586DC286F3B3D00F27C6C /* Types */,
				3B21E062286CABE300FE1C95 /* AppDelegate.swift */,
				3B21E064286CABE300FE1C95 /* SceneDelegate.swift */,
				3B21E068286CABE300FE1C95 /* Main.storyboard */,
				3B21E06B286CABE400FE1C95 /* Assets.xcassets */,
				3B21E06D286CABE400FE1C95 /* LaunchScreen.storyboard */,
				3B21E070286CABE400FE1C95 /* Info.plist */,
			);
			path = YandexMobileSDK;
			sourceTree = "<group>";
		};
		3B23EE4E28758365007A475D /* Console */ = {
			isa = PBXGroup;
			children = (
				3B23EE4A287475CC007A475D /* LogStore.swift */,
				3B895315287095C6003508E1 /* LogView.swift */,
			);
			path = Console;
			sourceTree = "<group>";
		};
		3BF586DC286F3B3D00F27C6C /* Types */ = {
			isa = PBXGroup;
			children = (
				3B21E066286CABE300FE1C95 /* BannerViewController.swift */,
				3BF586DA286F35D200F27C6C /* InterstitialViewController.swift */,
				3B23EE48287464BA007A475D /* RewardedViewController.swift */,
				3B23EE4C28757C7F007A475D /* NativeViewController.swift */,
			);
			path = Types;
			sourceTree = "<group>";
		};
		4B496C319F57D70D6E502CE3 /* Pods */ = {
			isa = PBXGroup;
			children = (
				1C4AC06611945AC13861F40B /* Pods-YandexMobileSDK.debug.xcconfig */,
				BBEF81CB489D632E0F066950 /* Pods-YandexMobileSDK.release.xcconfig */,
			);
			path = Pods;
			sourceTree = "<group>";
		};
		98603C7221ED4AD404C3BEA9 /* Frameworks */ = {
			isa = PBXGroup;
			children = (
				938D9CC34AFDB379479BE540 /* libPods-YandexMobileSDK.a */,
			);
			name = Frameworks;
			sourceTree = "<group>";
		};
/* End PBXGroup section */

/* Begin PBXNativeTarget section */
		3B21E05E286CABE300FE1C95 /* YandexMobileSDK */ = {
			isa = PBXNativeTarget;
			buildConfigurationList = 3B21E073286CABE400FE1C95 /* Build configuration list for PBXNativeTarget "YandexMobileSDK" */;
			buildPhases = (
				BCBE63796338729D8C835BEE /* [CP] Check Pods Manifest.lock */,
				3B21E05B286CABE300FE1C95 /* Sources */,
				3B21E05C286CABE300FE1C95 /* Frameworks */,
				3B21E05D286CABE300FE1C95 /* Resources */,
				9717F85E5DC768BBE0BD0B70 /* [CP] Copy Pods Resources */,
			);
			buildRules = (
			);
			dependencies = (
			);
			name = YandexMobileSDK;
			productName = YandexMobileSDK;
			productReference = 3B21E05F286CABE300FE1C95 /* YandexMobileSDK.app */;
			productType = "com.apple.product-type.application";
		};
/* End PBXNativeTarget section */

/* Begin PBXProject section */
		3B21E057286CABE300FE1C95 /* Project object */ = {
			isa = PBXProject;
			attributes = {
				BuildIndependentTargetsInParallel = 1;
				LastSwiftUpdateCheck = 1330;
				LastUpgradeCheck = 1330;
				TargetAttributes = {
					3B21E05E286CABE300FE1C95 = {
						CreatedOnToolsVersion = 13.3;
					};
				};
			};
			buildConfigurationList = 3B21E05A286CABE300FE1C95 /* Build configuration list for PBXProject "YandexMobileSDK" */;
			compatibilityVersion = "Xcode 13.0";
			developmentRegion = en;
			hasScannedForEncodings = 0;
			knownRegions = (
				en,
				Base,
				"zh-Hans",
				ru,
			);
			mainGroup = 3B21E056286CABE300FE1C95;
			productRefGroup = 3B21E060286CABE300FE1C95 /* Products */;
			projectDirPath = "";
			projectRoot = "";
			targets = (
				3B21E05E286CABE300FE1C95 /* YandexMobileSDK */,
			);
		};
/* End PBXProject section */

/* Begin PBXResourcesBuildPhase section */
		3B21E05D286CABE300FE1C95 /* Resources */ = {
			isa = PBXResourcesBuildPhase;
			buildActionMask = 2147483647;
			files = (
				3B21E06F286CABE400FE1C95 /* LaunchScreen.storyboard in Resources */,
				3B21E06C286CABE400FE1C95 /* Assets.xcassets in Resources */,
				3B21E06A286CABE300FE1C95 /* Main.storyboard in Resources */,
			);
			runOnlyForDeploymentPostprocessing = 0;
		};
/* End PBXResourcesBuildPhase section */

/* Begin PBXShellScriptBuildPhase section */
		9717F85E5DC768BBE0BD0B70 /* [CP] Copy Pods Resources */ = {
			isa = PBXShellScriptBuildPhase;
			buildActionMask = 2147483647;
			files = (
			);
			inputFileListPaths = (
				"${PODS_ROOT}/Target Support Files/Pods-YandexMobileSDK/Pods-YandexMobileSDK-resources-${CONFIGURATION}-input-files.xcfilelist",
			);
			name = "[CP] Copy Pods Resources";
			outputFileListPaths = (
				"${PODS_ROOT}/Target Support Files/Pods-YandexMobileSDK/Pods-YandexMobileSDK-resources-${CONFIGURATION}-output-files.xcfilelist",
			);
			runOnlyForDeploymentPostprocessing = 0;
			shellPath = /bin/sh;
			shellScript = "\"${PODS_ROOT}/Target Support Files/Pods-YandexMobileSDK/Pods-YandexMobileSDK-resources.sh\"\n";
			showEnvVarsInLog = 0;
		};
		BCBE63796338729D8C835BEE /* [CP] Check Pods Manifest.lock */ = {
			isa = PBXShellScriptBuildPhase;
			buildActionMask = 2147483647;
			files = (
			);
			inputFileListPaths = (
			);
			inputPaths = (
				"${PODS_PODFILE_DIR_PATH}/Podfile.lock",
				"${PODS_ROOT}/Manifest.lock",
			);
			name = "[CP] Check Pods Manifest.lock";
			outputFileListPaths = (
			);
			outputPaths = (
				"$(DERIVED_FILE_DIR)/Pods-YandexMobileSDK-checkManifestLockResult.txt",
			);
			runOnlyForDeploymentPostprocessing = 0;
			shellPath = /bin/sh;
			shellScript = "diff \"${PODS_PODFILE_DIR_PATH}/Podfile.lock\" \"${PODS_ROOT}/Manifest.lock\" > /dev/null\nif [ $? != 0 ] ; then\n    # print error to STDERR\n    echo \"error: The sandbox is not in sync with the Podfile.lock. Run 'pod install' or update your CocoaPods installation.\" >&2\n    exit 1\nfi\n# This output is used by Xcode 'outputs' to avoid re-running this script phase.\necho \"SUCCESS\" > \"${SCRIPT_OUTPUT_FILE_0}\"\n";
			showEnvVarsInLog = 0;
		};
/* End PBXShellScriptBuildPhase section */

/* Begin PBXSourcesBuildPhase section */
		3B21E05B286CABE300FE1C95 /* Sources */ = {
			isa = PBXSourcesBuildPhase;
			buildActionMask = 2147483647;
			files = (
				3BF586DB286F35D200F27C6C /* InterstitialViewController.swift in Sources */,
				3B21E067286CABE300FE1C95 /* BannerViewController.swift in Sources */,
				3B23EE49287464BA007A475D /* RewardedViewController.swift in Sources */,
				3B23EE4D28757C7F007A475D /* NativeViewController.swift in Sources */,
				3B21E063286CABE300FE1C95 /* AppDelegate.swift in Sources */,
				3B895316287095C6003508E1 /* LogView.swift in Sources */,
				3B23EE4B287475CC007A475D /* LogStore.swift in Sources */,
				3B21E065286CABE300FE1C95 /* SceneDelegate.swift in Sources */,
			);
			runOnlyForDeploymentPostprocessing = 0;
		};
/* End PBXSourcesBuildPhase section */

/* Begin PBXVariantGroup section */
		3B21E068286CABE300FE1C95 /* Main.storyboard */ = {
			isa = PBXVariantGroup;
			children = (
				3B21E069286CABE300FE1C95 /* Base */,
			);
			name = Main.storyboard;
			sourceTree = "<group>";
		};
		3B21E06D286CABE400FE1C95 /* LaunchScreen.storyboard */ = {
			isa = PBXVariantGroup;
			children = (
				3B21E06E286CABE400FE1C95 /* Base */,
			);
			name = LaunchScreen.storyboard;
			sourceTree = "<group>";
		};
/* End PBXVariantGroup section */

/* Begin XCBuildConfiguration section */
		3B21E071286CABE400FE1C95 /* Debug */ = {
			isa = XCBuildConfiguration;
			buildSettings = {
				ALWAYS_SEARCH_USER_PATHS = NO;
				CLANG_ANALYZER_NONNULL = YES;
				CLANG_ANALYZER_NUMBER_OBJECT_CONVERSION = YES_AGGRESSIVE;
				CLANG_CXX_LANGUAGE_STANDARD = "gnu++17";
				CLANG_ENABLE_MODULES = YES;
				CLANG_ENABLE_OBJC_ARC = YES;
				CLANG_ENABLE_OBJC_WEAK = YES;
				CLANG_WARN_BLOCK_CAPTURE_AUTORELEASING = YES;
				CLANG_WARN_BOOL_CONVERSION = YES;
				CLANG_WARN_COMMA = YES;
				CLANG_WARN_CONSTANT_CONVERSION = YES;
				CLANG_WARN_DEPRECATED_OBJC_IMPLEMENTATIONS = YES;
				CLANG_WARN_DIRECT_OBJC_ISA_USAGE = YES_ERROR;
				CLANG_WARN_DOCUMENTATION_COMMENTS = YES;
				CLANG_WARN_EMPTY_BODY = YES;
				CLANG_WARN_ENUM_CONVERSION = YES;
				CLANG_WARN_INFINITE_RECURSION = YES;
				CLANG_WARN_INT_CONVERSION = YES;
				CLANG_WARN_NON_LITERAL_NULL_CONVERSION = YES;
				CLANG_WARN_OBJC_IMPLICIT_RETAIN_SELF = YES;
				CLANG_WARN_OBJC_LITERAL_CONVERSION = YES;
				CLANG_WARN_OBJC_ROOT_CLASS = YES_ERROR;
				CLANG_WARN_QUOTED_INCLUDE_IN_FRAMEWORK_HEADER = YES;
				CLANG_WARN_RANGE_LOOP_ANALYSIS = YES;
				CLANG_WARN_STRICT_PROTOTYPES = YES;
				CLANG_WARN_SUSPICIOUS_MOVE = YES;
				CLANG_WARN_UNGUARDED_AVAILABILITY = YES_AGGRESSIVE;
				CLANG_WARN_UNREACHABLE_CODE = YES;
				CLANG_WARN__DUPLICATE_METHOD_MATCH = YES;
				COPY_PHASE_STRIP = NO;
				DEBUG_INFORMATION_FORMAT = dwarf;
				ENABLE_STRICT_OBJC_MSGSEND = YES;
				ENABLE_TESTABILITY = YES;
				GCC_C_LANGUAGE_STANDARD = gnu11;
				GCC_DYNAMIC_NO_PIC = NO;
				GCC_NO_COMMON_BLOCKS = YES;
				GCC_OPTIMIZATION_LEVEL = 0;
				GCC_PREPROCESSOR_DEFINITIONS = (
					"DEBUG=1",
					"$(inherited)",
				);
				GCC_WARN_64_TO_32_BIT_CONVERSION = YES;
				GCC_WARN_ABOUT_RETURN_TYPE = YES_ERROR;
				GCC_WARN_UNDECLARED_SELECTOR = YES;
				GCC_WARN_UNINITIALIZED_AUTOS = YES_AGGRESSIVE;
				GCC_WARN_UNUSED_FUNCTION = YES;
				GCC_WARN_UNUSED_VARIABLE = YES;
				IPHONEOS_DEPLOYMENT_TARGET = 15.4;
				MTL_ENABLE_DEBUG_INFO = INCLUDE_SOURCE;
				MTL_FAST_MATH = YES;
				ONLY_ACTIVE_ARCH = YES;
				SDKROOT = iphoneos;
				SWIFT_ACTIVE_COMPILATION_CONDITIONS = DEBUG;
				SWIFT_OPTIMIZATION_LEVEL = "-Onone";
			};
			name = Debug;
		};
		3B21E072286CABE400FE1C95 /* Release */ = {
			isa = XCBuildConfiguration;
			buildSettings = {
				ALWAYS_SEARCH_USER_PATHS = NO;
				CLANG_ANALYZER_NONNULL = YES;
				CLANG_ANALYZER_NUMBER_OBJECT_CONVERSION = YES_AGGRESSIVE;
				CLANG_CXX_LANGUAGE_STANDARD = "gnu++17";
				CLANG_ENABLE_MODULES = YES;
				CLANG_ENABLE_OBJC_ARC = YES;
				CLANG_ENABLE_OBJC_WEAK = YES;
				CLANG_WARN_BLOCK_CAPTURE_AUTORELEASING = YES;
				CLANG_WARN_BOOL_CONVERSION = YES;
				CLANG_WARN_COMMA = YES;
				CLANG_WARN_CONSTANT_CONVERSION = YES;
				CLANG_WARN_DEPRECATED_OBJC_IMPLEMENTATIONS = YES;
				CLANG_WARN_DIRECT_OBJC_ISA_USAGE = YES_ERROR;
				CLANG_WARN_DOCUMENTATION_COMMENTS = YES;
				CLANG_WARN_EMPTY_BODY = YES;
				CLANG_WARN_ENUM_CONVERSION = YES;
				CLANG_WARN_INFINITE_RECURSION = YES;
				CLANG_WARN_INT_CONVERSION = YES;
				CLANG_WARN_NON_LITERAL_NULL_CONVERSION = YES;
				CLANG_WARN_OBJC_IMPLICIT_RETAIN_SELF = YES;
				CLANG_WARN_OBJC_LITERAL_CONVERSION = YES;
				CLANG_WARN_OBJC_ROOT_CLASS = YES_ERROR;
				CLANG_WARN_QUOTED_INCLUDE_IN_FRAMEWORK_HEADER = YES;
				CLANG_WARN_RANGE_LOOP_ANALYSIS = YES;
				CLANG_WARN_STRICT_PROTOTYPES = YES;
				CLANG_WARN_SUSPICIOUS_MOVE = YES;
				CLANG_WARN_UNGUARDED_AVAILABILITY = YES_AGGRESSIVE;
				CLANG_WARN_UNREACHABLE_CODE = YES;
				CLANG_WARN__DUPLICATE_METHOD_MATCH = YES;
				COPY_PHASE_STRIP = NO;
				DEBUG_INFORMATION_FORMAT = "dwarf-with-dsym";
				ENABLE_NS_ASSERTIONS = NO;
				ENABLE_STRICT_OBJC_MSGSEND = YES;
				GCC_C_LANGUAGE_STANDARD = gnu11;
				GCC_NO_COMMON_BLOCKS = YES;
				GCC_WARN_64_TO_32_BIT_CONVERSION = YES;
				GCC_WARN_ABOUT_RETURN_TYPE = YES_ERROR;
				GCC_WARN_UNDECLARED_SELECTOR = YES;
				GCC_WARN_UNINITIALIZED_AUTOS = YES_AGGRESSIVE;
				GCC_WARN_UNUSED_FUNCTION = YES;
				GCC_WARN_UNUSED_VARIABLE = YES;
				IPHONEOS_DEPLOYMENT_TARGET = 15.4;
				MTL_ENABLE_DEBUG_INFO = NO;
				MTL_FAST_MATH = YES;
				SDKROOT = iphoneos;
				SWIFT_COMPILATION_MODE = wholemodule;
				SWIFT_OPTIMIZATION_LEVEL = "-O";
				VALIDATE_PRODUCT = YES;
			};
			name = Release;
		};
		3B21E074286CABE400FE1C95 /* Debug */ = {
			isa = XCBuildConfiguration;
			baseConfigurationReference = 1C4AC06611945AC13861F40B /* Pods-YandexMobileSDK.debug.xcconfig */;
			buildSettings = {
				ASSETCATALOG_COMPILER_APPICON_NAME = AppIcon;
				ASSETCATALOG_COMPILER_GLOBAL_ACCENT_COLOR_NAME = AccentColor;
				CODE_SIGN_STYLE = Automatic;
				CURRENT_PROJECT_VERSION = 1;
				DEVELOPMENT_TEAM = 4H567BRJRC;
				GENERATE_INFOPLIST_FILE = YES;
				INFOPLIST_FILE = YandexMobileSDK/Info.plist;
				INFOPLIST_KEY_UIApplicationSupportsIndirectInputEvents = YES;
				INFOPLIST_KEY_UILaunchStoryboardName = LaunchScreen;
				INFOPLIST_KEY_UIMainStoryboardFile = Main;
				INFOPLIST_KEY_UISupportedInterfaceOrientations_iPad = "UIInterfaceOrientationPortrait UIInterfaceOrientationPortraitUpsideDown UIInterfaceOrientationLandscapeLeft UIInterfaceOrientationLandscapeRight";
				INFOPLIST_KEY_UISupportedInterfaceOrientations_iPhone = "UIInterfaceOrientationPortrait UIInterfaceOrientationLandscapeLeft UIInterfaceOrientationLandscapeRight";
				LD_RUNPATH_SEARCH_PATHS = (
					"$(inherited)",
					"@executable_path/Frameworks",
				);
				MARKETING_VERSION = 1.0;
				PRODUCT_BUNDLE_IDENTIFIER = hy99ee.YandexMobileSDK;
				PRODUCT_NAME = "$(TARGET_NAME)";
				SWIFT_EMIT_LOC_STRINGS = YES;
				SWIFT_VERSION = 5.0;
				TARGETED_DEVICE_FAMILY = "1,2";
				YANDEX_ADS_INTERSTITIAL_FEED_ID = "R-M-XXXXXXX-1";
				YANDEX_ADS_REWARDED_VIDEO_ADAPTED_LANDSCAPE_WALLPAPER_ID = "R-M-XXXXXXX-5";
				YANDEX_ADS_REWARDED_VIDEO_ADAPTED_PORTRAIT_WALLPAPER_ID = "R-M-XXXXXXX-4";
				YANDEX_ADS_REWARDED_VIDEO_ORIGINAL_WALLPAPER_ID = "R-M-XXXXXXX-6";
				YANDEX_ADS_REWARDED_VIDEO_WALLET_ID = "R-M-XXXXXXX-3";
			};
			name = Debug;
		};
		3B21E075286CABE400FE1C95 /* Release */ = {
			isa = XCBuildConfiguration;
			baseConfigurationReference = BBEF81CB489D632E0F066950 /* Pods-YandexMobileSDK.release.xcconfig */;
			buildSettings = {
				ASSETCATALOG_COMPILER_APPICON_NAME = AppIcon;
				ASSETCATALOG_COMPILER_GLOBAL_ACCENT_COLOR_NAME = AccentColor;
				CODE_SIGN_STYLE = Automatic;
				CURRENT_PROJECT_VERSION = 1;
				DEVELOPMENT_TEAM = 4H567BRJRC;
				GENERATE_INFOPLIST_FILE = YES;
				INFOPLIST_FILE = YandexMobileSDK/Info.plist;
				INFOPLIST_KEY_UIApplicationSupportsIndirectInputEvents = YES;
				INFOPLIST_KEY_UILaunchStoryboardName = LaunchScreen;
				INFOPLIST_KEY_UIMainStoryboardFile = Main;
				INFOPLIST_KEY_UISupportedInterfaceOrientations_iPad = "UIInterfaceOrientationPortrait UIInterfaceOrientationPortraitUpsideDown UIInterfaceOrientationLandscapeLeft UIInterfaceOrientationLandscapeRight";
				INFOPLIST_KEY_UISupportedInterfaceOrientations_iPhone = "UIInterfaceOrientationPortrait UIInterfaceOrientationLandscapeLeft UIInterfaceOrientationLandscapeRight";
				LD_RUNPATH_SEARCH_PATHS = (
					"$(inherited)",
					"@executable_path/Frameworks",
				);
				MARKETING_VERSION = 1.0;
				PRODUCT_BUNDLE_IDENTIFIER = hy99ee.YandexMobileSDK;
				PRODUCT_NAME = "$(TARGET_NAME)";
				SWIFT_EMIT_LOC_STRINGS = YES;
				SWIFT_VERSION = 5.0;
				TARGETED_DEVICE_FAMILY = "1,2";
				YANDEX_ADS_INTERSTITIAL_FEED_ID = "R-M-XXXXXXX-1";
				YANDEX_ADS_REWARDED_VIDEO_ADAPTED_LANDSCAPE_WALLPAPER_ID = "R-M-XXXXXXX-5";
				YANDEX_ADS_REWARDED_VIDEO_ADAPTED_PORTRAIT_WALLPAPER_ID = "R-M-XXXXXXX-4";
				YANDEX_ADS_REWARDED_VIDEO_ORIGINAL_WALLPAPER_ID = "R-M-XXXXXXX-6";
				YANDEX_ADS_REWARDED_VIDEO_WALLET_ID = "R-M-XXXXXXX-3";
			};
			name = Release;
		};
/* End XCBuildConfiguration section */

/* Begin XCConfigurationList section */
		3B21E05A286CABE300FE1C95 /* Build configuration list for PBXProject "YandexMobileSDK" */ = {
			isa = XCConfigurationList;
			buildConfigurations = (
				3B21E071286CABE400FE1C95 /* Debug */,
				3B21E072286CABE400FE1C95 /* Release */,
			);
			defaultConfigurationIsVisible = 0;
			defaultConfigurationName = Release;
		};
		3B21E073286CABE400FE1C95 /* Build configuration list for PBXNativeTarget "YandexMobileSDK" */ = {
			isa = XCConfigurationList;
			buildConfigurations = (
				3B21E074286CABE400FE1C95 /* Debug */,
				3B21E075286CABE400FE1C95 /* Release */,
			);
			defaultConfigurationIsVisible = 0;
			defaultConfigurationName = Release;
		};
/* End XCConfigurationList section */
	};
	rootObject = 3B21E057286CABE300FE1C95 /* Project object */;
}
